
Microsoft Visual Studio Solution File, Format Version 12.00
# Visual Studio Version 16
VisualStudioVersion = 16.0.30011.22
MinimumVisualStudioVersion = 10.0.40219.1
Project("{FAE04EC0-301F-11D3-BF4B-00C04F79EFBC}") = "ColorMix", "ColorMix\ColorMix.csproj", "{80F6E65B-18A1-4C66-8452-40C56B96C7DE}"
EndProject
Global
	GlobalSection(SolutionConfigurationPlatforms) = preSolution
		Debug|Any CPU = Debug|Any CPU
		Release|Any CPU = Release|Any CPU
	EndGlobalSection
	GlobalSection(ProjectConfigurationPlatforms) = postSolution
		{80F6E65B-18A1-4C66-8452-40C56B96C7DE}.Debug|Any CPU.ActiveCfg = Debug|Any CPU
		{80F6E65B-18A1-4C66-8452-40C56B96C7DE}.Debug|Any CPU.Build.0 = Debug|Any CPU
		{80F6E65B-18A1-4C66-8452-40C56B96C7DE}.Release|Any CPU.ActiveCfg = Release|Any CPU
		{80F6E65B-18A1-4C66-8452-40C56B96C7DE}.Release|Any CPU.Build.0 = Release|Any CPU
	EndGlobalSection
	GlobalSection(SolutionProperties) = preSolution
		HideSolutionNode = FALSE
	EndGlobalSection
	GlobalSection(ExtensibilityGlobals) = postSolution
		SolutionGuid = {0B465382-5858-4BED-A480-66A7BED5238B}
	EndGlobalSection
EndGlobal
