
Microsoft Visual Studio Solution File, Format Version 12.00
# Visual Studio Version 16
VisualStudioVersion = 16.0.30128.74
MinimumVisualStudioVersion = 10.0.40219.1
Project("{FAE04EC0-301F-11D3-BF4B-00C04F79EFBC}") = "Contact", "Contact\Contact.csproj", "{1479BC9E-DF82-49B5-8650-C470CDD65355}"
EndProject
Global
	GlobalSection(SolutionConfigurationPlatforms) = preSolution
		Debug|Any CPU = Debug|Any CPU
		Release|Any CPU = Release|Any CPU
	EndGlobalSection
	GlobalSection(ProjectConfigurationPlatforms) = postSolution
		{1479BC9E-DF82-49B5-8650-C470CDD65355}.Debug|Any CPU.ActiveCfg = Debug|Any CPU
		{1479BC9E-DF82-49B5-8650-C470CDD65355}.Debug|Any CPU.Build.0 = Debug|Any CPU
		{1479BC9E-DF82-49B5-8650-C470CDD65355}.Release|Any CPU.ActiveCfg = Release|Any CPU
		{1479BC9E-DF82-49B5-8650-C470CDD65355}.Release|Any CPU.Build.0 = Release|Any CPU
	EndGlobalSection
	GlobalSection(SolutionProperties) = preSolution
		HideSolutionNode = FALSE
	EndGlobalSection
	GlobalSection(ExtensibilityGlobals) = postSolution
		SolutionGuid = {9BB402C3-A6FE-4CB7-BDBD-9B0283A8C896}
	EndGlobalSection
EndGlobal
