
Microsoft Visual Studio Solution File, Format Version 12.00
# Visual Studio Version 16
VisualStudioVersion = 16.0.30011.22
MinimumVisualStudioVersion = 10.0.40219.1
Project("{FAE04EC0-301F-11D3-BF4B-00C04F79EFBC}") = "Media", "Media\Media.csproj", "{A851FF92-A1FF-4653-A1F3-339A33F95087}"
EndProject
Global
	GlobalSection(SolutionConfigurationPlatforms) = preSolution
		Debug|Any CPU = Debug|Any CPU
		Release|Any CPU = Release|Any CPU
	EndGlobalSection
	GlobalSection(ProjectConfigurationPlatforms) = postSolution
		{A851FF92-A1FF-4653-A1F3-339A33F95087}.Debug|Any CPU.ActiveCfg = Debug|Any CPU
		{A851FF92-A1FF-4653-A1F3-339A33F95087}.Debug|Any CPU.Build.0 = Debug|Any CPU
		{A851FF92-A1FF-4653-A1F3-339A33F95087}.Release|Any CPU.ActiveCfg = Release|Any CPU
		{A851FF92-A1FF-4653-A1F3-339A33F95087}.Release|Any CPU.Build.0 = Release|Any CPU
	EndGlobalSection
	GlobalSection(SolutionProperties) = preSolution
		HideSolutionNode = FALSE
	EndGlobalSection
	GlobalSection(ExtensibilityGlobals) = postSolution
		SolutionGuid = {39D2FB66-8035-43FB-BFE3-7E0A362CDF89}
	EndGlobalSection
EndGlobal
